lockfileVersion: '9.0'

settings:
  autoInstallPeers: true
  excludeLinksFromLockfile: false

importers:

  .:
    dependencies:
      gl-matrix:
        specifier: ^3.4.3
        version: 3.4.4
      lit:
        specifier: ^3.2.1
        version: 3.3.2
    devDependencies:
      '@webgpu/types':
        specifier: ^0.1.64
        version: 0.1.68
      typescript:
        specifier: ^5.8.3
        version: 5.9.3

packages:

  '@lit-labs/ssr-dom-shim@1.5.0':
    resolution: {integrity: sha512-HLomZXMmrCFHSRKESF5vklAKsDY7/fsT/ZhqCu3V0UoW/Qbv8wxmO4W9bx4KnCCF2Zak4yuk+AGraK/bPmI4kA==}

  '@lit/reactive-element@2.1.2':
    resolution: {integrity: sha512-pbCDiVMnne1lYUIaYNN5wrwQXDtHaYtg7YEFPeW+hws6U47WeFvISGUWekPGKWOP1ygrs0ef0o1VJMk1exos5A==}

  '@types/trusted-types@2.0.7':
    resolution: {integrity: sha512-ScaPdn1dQczgbl0QFTeTOmVHFULt394XJgOQNoyVhZ6r2vLnMLJfBPd53SB52T/3G36VI1/g2MZaX0cwDuXsfw==}

  '@webgpu/types@0.1.68':
    resolution: {integrity: sha512-3ab1B59Ojb6RwjOspYLsTpCzbNB3ZaamIAxBMmvnNkiDoLTZUOBXZ9p5nAYVEkQlDdf6qAZWi1pqj9+ypiqznA==}

  gl-matrix@3.4.4:
    resolution: {integrity: sha512-latSnyDNt/8zYUB6VIJ6PCh2jBjJX6gnDsoCZ7LyW7GkqrD51EWwa9qCoGixj8YqBtETQK/xY7OmpTF8xz1DdQ==}

  lit-element@4.2.2:
    resolution: {integrity: sha512-aFKhNToWxoyhkNDmWZwEva2SlQia+jfG0fjIWV//YeTaWrVnOxD89dPKfigCUspXFmjzOEUQpOkejH5Ly6sG0w==}

  lit-html@3.3.2:
    resolution: {integrity: sha512-Qy9hU88zcmaxBXcc10ZpdK7cOLXvXpRoBxERdtqV9QOrfpMZZ6pSYP91LhpPtap3sFMUiL7Tw2RImbe0Al2/kw==}

  lit@3.3.2:
    resolution: {integrity: sha512-NF9zbsP79l4ao2SNrH3NkfmFgN/hBYSQo90saIVI1o5GpjAdCPVstVzO1MrLOakHoEhYkrtRjPK6Ob521aoYWQ==}

  typescript@5.9.3:
    resolution: {integrity: sha512-jl1vZzPDinLr9eUt3J/t7V6FgNEw9QjvBPdysz9KfQDD41fQrC2Y4vKQdiaUpFT4bXlb1RHhLpp8wtm6M5TgSw==}
    engines: {node: '>=14.17'}
    hasBin: true

snapshots:

  '@lit-labs/ssr-dom-shim@1.5.0': {}

  '@lit/reactive-element@2.1.2':
    dependencies:
      '@lit-labs/ssr-dom-shim': 1.5.0

  '@types/trusted-types@2.0.7': {}

  '@webgpu/types@0.1.68': {}

  gl-matrix@3.4.4: {}

  lit-element@4.2.2:
    dependencies:
      '@lit-labs/ssr-dom-shim': 1.5.0
      '@lit/reactive-element': 2.1.2
      lit-html: 3.3.2

  lit-html@3.3.2:
    dependencies:
      '@types/trusted-types': 2.0.7

  lit@3.3.2:
    dependencies:
      '@lit/reactive-element': 2.1.2
      lit-element: 4.2.2
      lit-html: 3.3.2

  typescript@5.9.3: {}
